# THIS IS AN AUTOGENERATED FILE. DO NOT EDIT THIS FILE DIRECTLY.
# yarn lockfile v1


"@biznet.io/coday-web@^0.3.1":
  version "0.3.1"
  resolved "https://registry.yarnpkg.com/@biznet.io/coday-web/-/coday-web-0.3.1.tgz#026167bf7f25f3ec61012562b85a00bc1f026499"
  integrity sha512-/m7pWYMzPZxHcAPFxh5WupsXEul6I6O3Y0a3YgmkKNz61RJn6m1p44e8xEnHNByfstRXdJytn6L1QxpP9gYKtQ==
