# THIS IS AN AUTOGENERATED FILE. DO NOT EDIT THIS FILE DIRECTLY.
# yarn lockfile v1


"@biznet.io/coday-web@^0.11.0":
  version "0.11.0"
  resolved "https://registry.yarnpkg.com/@biznet.io/coday-web/-/coday-web-0.11.0.tgz#dcb8d638a63b67986d375a61b56c567df8b65a12"
  integrity sha512-CzdVlvPt9tWrbZh99iW86ZVTUhT+IuDF1jftSJ6T6CIqF74jM6z46kgYypV4kJWdN3U6/h5WN/olxMggVR+Tjw==
